// !$*UTF8*$!
{
	archiveVersion = 1;
	classes = {
	};
	objectVersion = 50;
	objects = {

/* Begin PBXBuildFile section */
		7D9A2564CD5CC42F063FD203 /* Pods_Bored.framework in Frameworks */ = {isa = PBXBuildFile; fileRef = 6F61BF540B9C63D3B42D1462 /* Pods_Bored.framework */; };
		FF131DAC2147BBAB00F14576 /* Animations.swift in Sources */ = {isa = PBXBuildFile; fileRef = FF131DAB2147BBAB00F14576 /* Animations.swift */; };
		FF22107F21412F5C00E1B5D2 /* AppDelegate.swift in Sources */ = {isa = PBXBuildFile; fileRef = FF22107E21412F5C00E1B5D2 /* AppDelegate.swift */; };
		FF22108121412F5C00E1B5D2 /* ViewController.swift in Sources */ = {isa = PBXBuildFile; fileRef = FF22108021412F5C00E1B5D2 /* ViewController.swift */; };
		FF22108421412F5D00E1B5D2 /* Main.storyboard in Resources */ = {isa = PBXBuildFile; fileRef = FF22108221412F5D00E1B5D2 /* Main.storyboard */; };
		FF22108621412F5E00E1B5D2 /* Assets.xcassets in Resources */ = {isa = PBXBuildFile; fileRef = FF22108521412F5E00E1B5D2 /* Assets.xcassets */; };
		FF22108921412F5E00E1B5D2 /* LaunchScreen.storyboard in Resources */ = {isa = PBXBuildFile; fileRef = FF22108721412F5E00E1B5D2 /* LaunchScreen.storyboard */; };
		FF7C1C4E214174EA009A8B72 /* APIService.swift in Sources */ = {isa = PBXBuildFile; fileRef = FF7C1C4D214174EA009A8B72 /* APIService.swift */; };
		FF7C1C50214175E2009A8B72 /* RandomActivity.swift in Sources */ = {isa = PBXBuildFile; fileRef = FF7C1C4F214175E2009A8B72 /* RandomActivity.swift */; };
/* End PBXBuildFile section */

/* Begin PBXFileReference section */
		3AD3A1FCFE966CD29D99F7D5 /* Pods-Bored.debug.xcconfig */ = {isa = PBXFileReference; includeInIndex = 1; lastKnownFileType = text.xcconfig; name = "Pods-Bored.debug.xcconfig"; path = "Pods/Target Support Files/Pods-Bored/Pods-Bored.debug.xcconfig"; sourceTree = "<group>"; };
		6F61BF540B9C63D3B42D1462 /* Pods_Bored.framework */ = {isa = PBXFileReference; explicitFileType = wrapper.framework; includeInIndex = 0; path = Pods_Bored.framework; sourceTree = BUILT_PRODUCTS_DIR; };
		D940C62B209C497EEE167454 /* Pods-Bored.release.xcconfig */ = {isa = PBXFileReference; includeInIndex = 1; lastKnownFileType = text.xcconfig; name = "Pods-Bored.release.xcconfig"; path = "Pods/Target Support Files/Pods-Bored/Pods-Bored.release.xcconfig"; sourceTree = "<group>"; };
		FF131DAB2147BBAB00F14576 /* Animations.swift */ = {isa = PBXFileReference; lastKnownFileType = sourcecode.swift; path = Animations.swift; sourceTree = "<group>"; };
		FF22107B21412F5C00E1B5D2 /* Bored.app */ = {isa = PBXFileReference; explicitFileType = wrapper.application; includeInIndex = 0; path = Bored.app; sourceTree = BUILT_PRODUCTS_DIR; };
		FF22107E21412F5C00E1B5D2 /* AppDelegate.swift */ = {isa = PBXFileReference; lastKnownFileType = sourcecode.swift; path = AppDelegate.swift; sourceTree = "<group>"; };
		FF22108021412F5C00E1B5D2 /* ViewController.swift */ = {isa = PBXFileReference; lastKnownFileType = sourcecode.swift; path = ViewController.swift; sourceTree = "<group>"; };
		FF22108321412F5D00E1B5D2 /* Base */ = {isa = PBXFileReference; lastKnownFileType = file.storyboard; name = Base; path = Base.lproj/Main.storyboard; sourceTree = "<group>"; };
		FF22108521412F5E00E1B5D2 /* Assets.xcassets */ = {isa = PBXFileReference; lastKnownFileType = folder.assetcatalog; path = Assets.xcassets; sourceTree = "<group>"; };
		FF22108821412F5E00E1B5D2 /* Base */ = {isa = PBXFileReference; lastKnownFileType = file.storyboard; name = Base; path = Base.lproj/LaunchScreen.storyboard; sourceTree = "<group>"; };
		FF22108A21412F5E00E1B5D2 /* Info.plist */ = {isa = PBXFileReference; lastKnownFileType = text.plist.xml; path = Info.plist; sourceTree = "<group>"; };
		FF7C1C4D214174EA009A8B72 /* APIService.swift */ = {isa = PBXFileReference; lastKnownFileType = sourcecode.swift; path = APIService.swift; sourceTree = "<group>"; };
		FF7C1C4F214175E2009A8B72 /* RandomActivity.swift */ = {isa = PBXFileReference; lastKnownFileType = sourcecode.swift; path = RandomActivity.swift; sourceTree = "<group>"; };
/* End PBXFileReference section */

/* Begin PBXFrameworksBuildPhase section */
		FF22107821412F5C00E1B5D2 /* Frameworks */ = {
			isa = PBXFrameworksBuildPhase;
			buildActionMask = 2147483647;
			files = (
				7D9A2564CD5CC42F063FD203 /* Pods_Bored.framework in Frameworks */,
			);
			runOnlyForDeploymentPostprocessing = 0;
		};
/* End PBXFrameworksBuildPhase section */

/* Begin PBXGroup section */
		53FB469CA7EE39E77958C2A8 /* Frameworks */ = {
			isa = PBXGroup;
			children = (
				6F61BF540B9C63D3B42D1462 /* Pods_Bored.framework */,
			);
			name = Frameworks;
			sourceTree = "<group>";
		};
		7BA0AE1B5D4C7BAB2A33D40B /* Pods */ = {
			isa = PBXGroup;
			children = (
				3AD3A1FCFE966CD29D99F7D5 /* Pods-Bored.debug.xcconfig */,
				D940C62B209C497EEE167454 /* Pods-Bored.release.xcconfig */,
			);
			name = Pods;
			sourceTree = "<group>";
		};
		FF131DAA2147BB8F00F14576 /* Extras */ = {
			isa = PBXGroup;
			children = (
				FF131DAB2147BBAB00F14576 /* Animations.swift */,
			);
			path = Extras;
			sourceTree = "<group>";
		};
		FF22107221412F5C00E1B5D2 = {
			isa = PBXGroup;
			children = (
				FF22107D21412F5C00E1B5D2 /* Bored */,
				FF22107C21412F5C00E1B5D2 /* Products */,
				7BA0AE1B5D4C7BAB2A33D40B /* Pods */,
				53FB469CA7EE39E77958C2A8 /* Frameworks */,
			);
			sourceTree = "<group>";
		};
		FF22107C21412F5C00E1B5D2 /* Products */ = {
			isa = PBXGroup;
			children = (
				FF22107B21412F5C00E1B5D2 /* Bored.app */,
			);
			name = Products;
			sourceTree = "<group>";
		};
		FF22107D21412F5C00E1B5D2 /* Bored */ = {
			isa = PBXGroup;
			children = (
				FF22107E21412F5C00E1B5D2 /* AppDelegate.swift */,
				FF131DAA2147BB8F00F14576 /* Extras */,
				FFC3AD7C2147AAD2004E63FA /* Services */,
				FFC3AD7A2147AABA004E63FA /* Controllers */,
				FFC3AD7D2147AAED004E63FA /* Models */,
				FFC3AD7E2147AAFA004E63FA /* Views */,
				FF22108521412F5E00E1B5D2 /* Assets.xcassets */,
				FF22108721412F5E00E1B5D2 /* LaunchScreen.storyboard */,
				FF22108A21412F5E00E1B5D2 /* Info.plist */,
			);
			path = Bored;
			sourceTree = "<group>";
		};
		FFC3AD7A2147AABA004E63FA /* Controllers */ = {
			isa = PBXGroup;
			children = (
				FF22108021412F5C00E1B5D2 /* ViewController.swift */,
			);
			path = Controllers;
			sourceTree = "<group>";
		};
		FFC3AD7C2147AAD2004E63FA /* Services */ = {
			isa = PBXGroup;
			children = (
				FF7C1C4D214174EA009A8B72 /* APIService.swift */,
			);
			path = Services;
			sourceTree = "<group>";
		};
		FFC3AD7D2147AAED004E63FA /* Models */ = {
			isa = PBXGroup;
			children = (
				FF7C1C4F214175E2009A8B72 /* RandomActivity.swift */,
			);
			path = Models;
			sourceTree = "<group>";
		};
		FFC3AD7E2147AAFA004E63FA /* Views */ = {
			isa = PBXGroup;
			children = (
				FF22108221412F5D00E1B5D2 /* Main.storyboard */,
			);
			path = Views;
			sourceTree = "<group>";
		};
/* End PBXGroup section */

/* Begin PBXNativeTarget section */
		FF22107A21412F5C00E1B5D2 /* Bored */ = {
			isa = PBXNativeTarget;
			buildConfigurationList = FF22108D21412F5E00E1B5D2 /* Build configuration list for PBXNativeTarget "Bored" */;
			buildPhases = (
				2B0E615372A2B53CACE5434F /* [CP] Check Pods Manifest.lock */,
				FF22107721412F5C00E1B5D2 /* Sources */,
				FF22107821412F5C00E1B5D2 /* Frameworks */,
				FF22107921412F5C00E1B5D2 /* Resources */,
				F64ABF25E18DD99DB0FA871F /* [CP] Embed Pods Frameworks */,
				7153A25AE9987658DB764EE5 /* [CP] Copy Pods Resources */,
			);
			buildRules = (
			);
			dependencies = (
			);
			name = Bored;
			productName = Bored;
			productReference = FF22107B21412F5C00E1B5D2 /* Bored.app */;
			productType = "com.apple.product-type.application";
		};
/* End PBXNativeTarget section */

/* Begin PBXProject section */
		FF22107321412F5C00E1B5D2 /* Project object */ = {
			isa = PBXProject;
			attributes = {
				LastSwiftUpdateCheck = 0940;
				LastUpgradeCheck = 0940;
				ORGANIZATIONNAME = "Azhar Anwar";
				TargetAttributes = {
					FF22107A21412F5C00E1B5D2 = {
						CreatedOnToolsVersion = 9.4.1;
					};
				};
			};
			buildConfigurationList = FF22107621412F5C00E1B5D2 /* Build configuration list for PBXProject "Bored" */;
			compatibilityVersion = "Xcode 9.3";
			developmentRegion = en;
			hasScannedForEncodings = 0;
			knownRegions = (
				en,
				Base,
			);
			mainGroup = FF22107221412F5C00E1B5D2;
			productRefGroup = FF22107C21412F5C00E1B5D2 /* Products */;
			projectDirPath = "";
			projectRoot = "";
			targets = (
				FF22107A21412F5C00E1B5D2 /* Bored */,
			);
		};
/* End PBXProject section */

/* Begin PBXResourcesBuildPhase section */
		FF22107921412F5C00E1B5D2 /* Resources */ = {
			isa = PBXResourcesBuildPhase;
			buildActionMask = 2147483647;
			files = (
				FF22108921412F5E00E1B5D2 /* LaunchScreen.storyboard in Resources */,
				FF22108621412F5E00E1B5D2 /* Assets.xcassets in Resources */,
				FF22108421412F5D00E1B5D2 /* Main.storyboard in Resources */,
			);
			runOnlyForDeploymentPostprocessing = 0;
		};
/* End PBXResourcesBuildPhase section */

/* Begin PBXShellScriptBuildPhase section */
		2B0E615372A2B53CACE5434F /* [CP] Check Pods Manifest.lock */ = {
			isa = PBXShellScriptBuildPhase;
			buildActionMask = 2147483647;
			files = (
			);
			inputPaths = (
				"${PODS_PODFILE_DIR_PATH}/Podfile.lock",
				"${PODS_ROOT}/Manifest.lock",
			);
			name = "[CP] Check Pods Manifest.lock";
			outputPaths = (
				"$(DERIVED_FILE_DIR)/Pods-Bored-checkManifestLockResult.txt",
			);
			runOnlyForDeploymentPostprocessing = 0;
			shellPath = /bin/sh;
			shellScript = "diff \"${PODS_PODFILE_DIR_PATH}/Podfile.lock\" \"${PODS_ROOT}/Manifest.lock\" > /dev/null\nif [ $? != 0 ] ; then\n    # print error to STDERR\n    echo \"error: The sandbox is not in sync with the Podfile.lock. Run 'pod install' or update your CocoaPods installation.\" >&2\n    exit 1\nfi\n# This output is used by Xcode 'outputs' to avoid re-running this script phase.\necho \"SUCCESS\" > \"${SCRIPT_OUTPUT_FILE_0}\"\n";
			showEnvVarsInLog = 0;
		};
		7153A25AE9987658DB764EE5 /* [CP] Copy Pods Resources */ = {
			isa = PBXShellScriptBuildPhase;
			buildActionMask = 2147483647;
			files = (
			);
			inputPaths = (
			);
			name = "[CP] Copy Pods Resources";
			outputPaths = (
			);
			runOnlyForDeploymentPostprocessing = 0;
			shellPath = /bin/sh;
			shellScript = "\"${SRCROOT}/Pods/Target Support Files/Pods-Bored/Pods-Bored-resources.sh\"\n";
			showEnvVarsInLog = 0;
		};
		F64ABF25E18DD99DB0FA871F /* [CP] Embed Pods Frameworks */ = {
			isa = PBXShellScriptBuildPhase;
			buildActionMask = 2147483647;
			files = (
			);
			inputPaths = (
				"${SRCROOT}/Pods/Target Support Files/Pods-Bored/Pods-Bored-frameworks.sh",
				"${BUILT_PRODUCTS_DIR}/ChameleonFramework/ChameleonFramework.framework",
			);
			name = "[CP] Embed Pods Frameworks";
			outputPaths = (
				"${TARGET_BUILD_DIR}/${FRAMEWORKS_FOLDER_PATH}/ChameleonFramework.framework",
			);
			runOnlyForDeploymentPostprocessing = 0;
			shellPath = /bin/sh;
			shellScript = "\"${SRCROOT}/Pods/Target Support Files/Pods-Bored/Pods-Bored-frameworks.sh\"\n";
			showEnvVarsInLog = 0;
		};
/* End PBXShellScriptBuildPhase section */

/* Begin PBXSourcesBuildPhase section */
		FF22107721412F5C00E1B5D2 /* Sources */ = {
			isa = PBXSourcesBuildPhase;
			buildActionMask = 2147483647;
			files = (
				FF22108121412F5C00E1B5D2 /* ViewController.swift in Sources */,
				FF131DAC2147BBAB00F14576 /* Animations.swift in Sources */,
				FF7C1C50214175E2009A8B72 /* RandomActivity.swift in Sources */,
				FF7C1C4E214174EA009A8B72 /* APIService.swift in Sources */,
				FF22107F21412F5C00E1B5D2 /* AppDelegate.swift in Sources */,
			);
			runOnlyForDeploymentPostprocessing = 0;
		};
/* End PBXSourcesBuildPhase section */

/* Begin PBXVariantGroup section */
		FF22108221412F5D00E1B5D2 /* Main.storyboard */ = {
			isa = PBXVariantGroup;
			children = (
				FF22108321412F5D00E1B5D2 /* Base */,
			);
			name = Main.storyboard;
			sourceTree = "<group>";
		};
		FF22108721412F5E00E1B5D2 /* LaunchScreen.storyboard */ = {
			isa = PBXVariantGroup;
			children = (
				FF22108821412F5E00E1B5D2 /* Base */,
			);
			name = LaunchScreen.storyboard;
			sourceTree = "<group>";
		};
/* End PBXVariantGroup section */

/* Begin XCBuildConfiguration section */
		FF22108B21412F5E00E1B5D2 /* Debug */ = {
			isa = XCBuildConfiguration;
			buildSettings = {
				ALWAYS_SEARCH_USER_PATHS = NO;
				CLANG_ANALYZER_NONNULL = YES;
				CLANG_ANALYZER_NUMBER_OBJECT_CONVERSION = YES_AGGRESSIVE;
				CLANG_CXX_LANGUAGE_STANDARD = "gnu++14";
				CLANG_CXX_LIBRARY = "libc++";
				CLANG_ENABLE_MODULES = YES;
				CLANG_ENABLE_OBJC_ARC = YES;
				CLANG_ENABLE_OBJC_WEAK = YES;
				CLANG_WARN_BLOCK_CAPTURE_AUTORELEASING = YES;
				CLANG_WARN_BOOL_CONVERSION = YES;
				CLANG_WARN_COMMA = YES;
				CLANG_WARN_CONSTANT_CONVERSION = YES;
				CLANG_WARN_DEPRECATED_OBJC_IMPLEMENTATIONS = YES;
				CLANG_WARN_DIRECT_OBJC_ISA_USAGE = YES_ERROR;
				CLANG_WARN_DOCUMENTATION_COMMENTS = YES;
				CLANG_WARN_EMPTY_BODY = YES;
				CLANG_WARN_ENUM_CONVERSION = YES;
				CLANG_WARN_INFINITE_RECURSION = YES;
				CLANG_WARN_INT_CONVERSION = YES;
				CLANG_WARN_NON_LITERAL_NULL_CONVERSION = YES;
				CLANG_WARN_OBJC_IMPLICIT_RETAIN_SELF = YES;
				CLANG_WARN_OBJC_LITERAL_CONVERSION = YES;
				CLANG_WARN_OBJC_ROOT_CLASS = YES_ERROR;
				CLANG_WARN_RANGE_LOOP_ANALYSIS = YES;
				CLANG_WARN_STRICT_PROTOTYPES = YES;
				CLANG_WARN_SUSPICIOUS_MOVE = YES;
				CLANG_WARN_UNGUARDED_AVAILABILITY = YES_AGGRESSIVE;
				CLANG_WARN_UNREACHABLE_CODE = YES;
				CLANG_WARN__DUPLICATE_METHOD_MATCH = YES;
				CODE_SIGN_IDENTITY = "iPhone Developer";
				COPY_PHASE_STRIP = NO;
				DEBUG_INFORMATION_FORMAT = dwarf;
				ENABLE_STRICT_OBJC_MSGSEND = YES;
				ENABLE_TESTABILITY = YES;
				GCC_C_LANGUAGE_STANDARD = gnu11;
				GCC_DYNAMIC_NO_PIC = NO;
				GCC_NO_COMMON_BLOCKS = YES;
				GCC_OPTIMIZATION_LEVEL = 0;
				GCC_PREPROCESSOR_DEFINITIONS = (
					"DEBUG=1",
					"$(inherited)",
				);
				GCC_WARN_64_TO_32_BIT_CONVERSION = YES;
				GCC_WARN_ABOUT_RETURN_TYPE = YES_ERROR;
				GCC_WARN_UNDECLARED_SELECTOR = YES;
				GCC_WARN_UNINITIALIZED_AUTOS = YES_AGGRESSIVE;
				GCC_WARN_UNUSED_FUNCTION = YES;
				GCC_WARN_UNUSED_VARIABLE = YES;
				IPHONEOS_DEPLOYMENT_TARGET = 11.4;
				MTL_ENABLE_DEBUG_INFO = YES;
				ONLY_ACTIVE_ARCH = YES;
				SDKROOT = iphoneos;
				SWIFT_ACTIVE_COMPILATION_CONDITIONS = DEBUG;
				SWIFT_OPTIMIZATION_LEVEL = "-Onone";
			};
			name = Debug;
		};
		FF22108C21412F5E00E1B5D2 /* Release */ = {
			isa = XCBuildConfiguration;
			buildSettings = {
				ALWAYS_SEARCH_USER_PATHS = NO;
				CLANG_ANALYZER_NONNULL = YES;
				CLANG_ANALYZER_NUMBER_OBJECT_CONVERSION = YES_AGGRESSIVE;
				CLANG_CXX_LANGUAGE_STANDARD = "gnu++14";
				CLANG_CXX_LIBRARY = "libc++";
				CLANG_ENABLE_MODULES = YES;
				CLANG_ENABLE_OBJC_ARC = YES;
				CLANG_ENABLE_OBJC_WEAK = YES;
				CLANG_WARN_BLOCK_CAPTURE_AUTORELEASING = YES;
				CLANG_WARN_BOOL_CONVERSION = YES;
				CLANG_WARN_COMMA = YES;
				CLANG_WARN_CONSTANT_CONVERSION = YES;
				CLANG_WARN_DEPRECATED_OBJC_IMPLEMENTATIONS = YES;
				CLANG_WARN_DIRECT_OBJC_ISA_USAGE = YES_ERROR;
				CLANG_WARN_DOCUMENTATION_COMMENTS = YES;
				CLANG_WARN_EMPTY_BODY = YES;
				CLANG_WARN_ENUM_CONVERSION = YES;
				CLANG_WARN_INFINITE_RECURSION = YES;
				CLANG_WARN_INT_CONVERSION = YES;
				CLANG_WARN_NON_LITERAL_NULL_CONVERSION = YES;
				CLANG_WARN_OBJC_IMPLICIT_RETAIN_SELF = YES;
				CLANG_WARN_OBJC_LITERAL_CONVERSION = YES;
				CLANG_WARN_OBJC_ROOT_CLASS = YES_ERROR;
				CLANG_WARN_RANGE_LOOP_ANALYSIS = YES;
				CLANG_WARN_STRICT_PROTOTYPES = YES;
				CLANG_WARN_SUSPICIOUS_MOVE = YES;
				CLANG_WARN_UNGUARDED_AVAILABILITY = YES_AGGRESSIVE;
				CLANG_WARN_UNREACHABLE_CODE = YES;
				CLANG_WARN__DUPLICATE_METHOD_MATCH = YES;
				CODE_SIGN_IDENTITY = "iPhone Developer";
				COPY_PHASE_STRIP = NO;
				DEBUG_INFORMATION_FORMAT = "dwarf-with-dsym";
				ENABLE_NS_ASSERTIONS = NO;
				ENABLE_STRICT_OBJC_MSGSEND = YES;
				GCC_C_LANGUAGE_STANDARD = gnu11;
				GCC_NO_COMMON_BLOCKS = YES;
				GCC_WARN_64_TO_32_BIT_CONVERSION = YES;
				GCC_WARN_ABOUT_RETURN_TYPE = YES_ERROR;
				GCC_WARN_UNDECLARED_SELECTOR = YES;
				GCC_WARN_UNINITIALIZED_AUTOS = YES_AGGRESSIVE;
				GCC_WARN_UNUSED_FUNCTION = YES;
				GCC_WARN_UNUSED_VARIABLE = YES;
				IPHONEOS_DEPLOYMENT_TARGET = 11.4;
				MTL_ENABLE_DEBUG_INFO = NO;
				SDKROOT = iphoneos;
				SWIFT_COMPILATION_MODE = wholemodule;
				SWIFT_OPTIMIZATION_LEVEL = "-O";
				VALIDATE_PRODUCT = YES;
			};
			name = Release;
		};
		FF22108E21412F5E00E1B5D2 /* Debug */ = {
			isa = XCBuildConfiguration;
			baseConfigurationReference = 3AD3A1FCFE966CD29D99F7D5 /* Pods-Bored.debug.xcconfig */;
			buildSettings = {
				ASSETCATALOG_COMPILER_APPICON_NAME = AppIcon;
				CODE_SIGN_STYLE = Automatic;
				DEVELOPMENT_TEAM = RD7HUSH4T7;
				INFOPLIST_FILE = Bored/Info.plist;
				LD_RUNPATH_SEARCH_PATHS = (
					"$(inherited)",
					"@executable_path/Frameworks",
				);
				PRODUCT_BUNDLE_IDENTIFIER = com.rahzadesign.Bored;
				PRODUCT_NAME = "$(TARGET_NAME)";
				SWIFT_VERSION = 4.0;
				TARGETED_DEVICE_FAMILY = "1,2";
			};
			name = Debug;
		};
		FF22108F21412F5E00E1B5D2 /* Release */ = {
			isa = XCBuildConfiguration;
			baseConfigurationReference = D940C62B209C497EEE167454 /* Pods-Bored.release.xcconfig */;
			buildSettings = {
				ASSETCATALOG_COMPILER_APPICON_NAME = AppIcon;
				CODE_SIGN_STYLE = Automatic;
				DEVELOPMENT_TEAM = RD7HUSH4T7;
				INFOPLIST_FILE = Bored/Info.plist;
				LD_RUNPATH_SEARCH_PATHS = (
					"$(inherited)",
					"@executable_path/Frameworks",
				);
				PRODUCT_BUNDLE_IDENTIFIER = com.rahzadesign.Bored;
				PRODUCT_NAME = "$(TARGET_NAME)";
				SWIFT_VERSION = 4.0;
				TARGETED_DEVICE_FAMILY = "1,2";
			};
			name = Release;
		};
/* End XCBuildConfiguration section */

/* Begin XCConfigurationList section */
		FF22107621412F5C00E1B5D2 /* Build configuration list for PBXProject "Bored" */ = {
			isa = XCConfigurationList;
			buildConfigurations = (
				FF22108B21412F5E00E1B5D2 /* Debug */,
				FF22108C21412F5E00E1B5D2 /* Release */,
			);
			defaultConfigurationIsVisible = 0;
			defaultConfigurationName = Release;
		};
		FF22108D21412F5E00E1B5D2 /* Build configuration list for PBXNativeTarget "Bored" */ = {
			isa = XCConfigurationList;
			buildConfigurations = (
				FF22108E21412F5E00E1B5D2 /* Debug */,
				FF22108F21412F5E00E1B5D2 /* Release */,
			);
			defaultConfigurationIsVisible = 0;
			defaultConfigurationName = Release;
		};
/* End XCConfigurationList section */
	};
	rootObject = FF22107321412F5C00E1B5D2 /* Project object */;
}
